{
  "version": "5",
  "specifiers": {
    "npm:@commander-js/extra-typings@14.0.0": "14.0.0_commander@14.0.2",
    "npm:@kisaragi-hiu/cached-fetch@0.2.0": "0.2.0",
    "npm:@types/node@*": "24.2.0",
    "npm:ansi-escapes@7.1.1": "7.1.1",
    "npm:zod@4.1.11": "4.1.11",
    "npm:zx@8.8.5": "8.8.5"
  },
  "npm": {
    "@commander-js/extra-typings@14.0.0_commander@14.0.2": {
      "integrity": "sha512-hIn0ncNaJRLkZrxBIp5AsW/eXEHNKYQBh0aPdoUqNgD+Io3NIykQqpKFyKcuasZhicGaEZJX/JBSIkZ4e5x8Dg==",
      "dependencies": ["commander"]
    },
    "@kisaragi-hiu/cached-fetch@0.2.0": {
      "integrity": "sha512-8cA8ODJM5Jm6K68uxKwmlE0bCAeTWbMmffU7MWyeKoF+0n7P7qZOjXGXuspsTNSfK1PdJBR/FjPrPp/u8xVVvw=="
    },
    "@types/node@24.2.0": {
      "integrity": "sha512-3xyG3pMCq3oYCNg7/ZP+E1ooTaGB4cG8JWRsqqOYQdbWNY4zbaV0Ennrd7stjiJEFZCaybcIgpTjJWHRfBSIDw==",
      "dependencies": ["undici-types"]
    },
    "ansi-escapes@7.1.1": {
      "integrity": "sha512-Zhl0ErHcSRUaVfGUeUdDuLgpkEo8KIFjB4Y9uAc46ScOpdDiU1Dbyplh7qWJeJ/ZHpbyMSM26+X3BySgnIz40Q==",
      "dependencies": ["environment"]
    },
    "commander@14.0.2": {
      "integrity": "sha512-TywoWNNRbhoD0BXs1P3ZEScW8W5iKrnbithIl0YH+uCmBd0QpPOA8yc82DS3BIE5Ma6FnBVUsJ7wVUDz4dvOWQ=="
    },
    "environment@1.1.0": {
      "integrity": "sha512-xUtoPkMggbz0MPyPiIWr1Kp4aeWJjDZ6SMvURhimjdZgsRuDplF5/s9hcgGhyXMhs+6vpnuoiZ2kFiu3FMnS8Q=="
    },
    "undici-types@7.10.0": {
      "integrity": "sha512-t5Fy/nfn+14LuOc2KNYg75vZqClpAiqscVvMygNnlsHBFpSXdJaYtXMcdNLpl/Qvc3P2cB3s6lOV51nqsFq4ag=="
    },
    "zod@4.1.11": {
      "integrity": "sha512-WPsqwxITS2tzx1bzhIKsEs19ABD5vmCVa4xBo2tq/SrV4RNZtfws1EnCWQXM6yh8bD08a1idvkB5MZSBiZsjwg=="
    },
    "zx@8.8.5": {
      "integrity": "sha512-SNgDF5L0gfN7FwVOdEFguY3orU5AkfFZm9B5YSHog/UDHv+lvmd82ZAsOenOkQixigwH2+yyH198AwNdKhj+RA==",
      "bin": true
    }
  }
}
